
Microsoft Visual Studio Solution File, Format Version 12.00
# Visual Studio Version 17
VisualStudioVersion = 17.11.35327.3
MinimumVisualStudioVersion = 10.0.40219.1
Project("{FAE04EC0-301F-11D3-BF4B-00C04F79EFBC}") = "SignalRChat", "SignalRChat\SignalRChat.csproj", "{EFADF628-50A2-4966-8B1E-CB5A1D797965}"
EndProject
Global
	GlobalSection(SolutionConfigurationPlatforms) = preSolution
		Debug|Any CPU = Debug|Any CPU
		Release|Any CPU = Release|Any CPU
	EndGlobalSection
	GlobalSection(ProjectConfigurationPlatforms) = postSolution
		{EFADF628-50A2-4966-8B1E-CB5A1D797965}.Debug|Any CPU.ActiveCfg = Debug|Any CPU
		{EFADF628-50A2-4966-8B1E-CB5A1D797965}.Debug|Any CPU.Build.0 = Debug|Any CPU
		{EFADF628-50A2-4966-8B1E-CB5A1D797965}.Release|Any CPU.ActiveCfg = Release|Any CPU
		{EFADF628-50A2-4966-8B1E-CB5A1D797965}.Release|Any CPU.Build.0 = Release|Any CPU
	EndGlobalSection
	GlobalSection(SolutionProperties) = preSolution
		HideSolutionNode = FALSE
	EndGlobalSection
	GlobalSection(ExtensibilityGlobals) = postSolution
		SolutionGuid = {02BA6D2E-DB22-4733-A9FA-ACFEFBB02B8F}
	EndGlobalSection
EndGlobal
